<?xml version="1.0" encoding="utf-8"?>
<Project ToolsVersion="4.0" xmlns="http://schemas.microsoft.com/developer/msbuild/2003">
  <ItemGroup>
    <Filter Include="src">
      <UniqueIdentifier>{d917a5dd-8ed8-499f-a866-c19f1f065efa}</UniqueIdentifier>
    </Filter>
    <Filter Include="lib">
      <UniqueIdentifier>{3a7e8295-175c-468a-953d-3ef89a9d63bc}</UniqueIdentifier>
    </Filter>
    <Filter Include="git">
      <UniqueIdentifier>{2ab9f594-19ec-4af0-a4f3-0b1f9a0799f5}</UniqueIdentifier>
    </Filter>
    <Filter Include="lib\glad">
      <UniqueIdentifier>{9b7597e6-f278-44fe-8e93-19dcd6dd7a4b}</UniqueIdentifier>
    </Filter>
    <Filter Include="shader">
      <UniqueIdentifier>{592643a9-65fe-4326-9645-0da6fbff9440}</UniqueIdentifier>
    </Filter>
    <Filter Include="lib\stb">
      <UniqueIdentifier>{4b2ad983-3b60-4237-964f-9cc0b2c0d6d3}</UniqueIdentifier>
    </Filter>
    <Filter Include="robot">
      <UniqueIdentifier>{08ffd574-f130-4dc5-9517-7312a7ab5703}</UniqueIdentifier>
    </Filter>
    <Filter Include="lib\tinyxml2">
      <UniqueIdentifier>{c6ef714a-fcb0-4ae7-a9fe-0b0ef73330c9}</UniqueIdentifier>
    </Filter>
  </ItemGroup>
  <ItemGroup>
    <ClCompile Include="..\src\occlusion\main.cc">
      <Filter>src</Filter>
    </ClCompile>
    <ClCompile Include="..\lib\glad\glad.c">
      <Filter>lib\glad</Filter>
    </ClCompile>
    <ClCompile Include="..\src\occlusion\engine.cc">
      <Filter>src</Filter>
    </ClCompile>
    <ClCompile Include="..\src\occlusion\program.cc">
      <Filter>src</Filter>
    </ClCompile>
    <ClCompile Include="..\src\occlusion\shader.cc">
      <Filter>src</Filter>
    </ClCompile>
    <ClCompile Include="..\src\occlusion\texture.cc">
      <Filter>src</Filter>
    </ClCompile>
    <ClCompile Include="..\src\occlusion\dataset.cc">
      <Filter>src</Filter>
    </ClCompile>
    <ClCompile Include="..\src\occlusion\dataset_utkinect.cc">
      <Filter>src</Filter>
    </ClCompile>
    <ClCompile Include="..\src\occlusion\robot_model.cc">
      <Filter>src</Filter>
    </ClCompile>
    <ClCompile Include="..\src\occlusion\robot_model_loader.cc">
      <Filter>src</Filter>
    </ClCompile>
    <ClCompile Include="..\src\occlusion\dataset_wnp.cc">
      <Filter>src</Filter>
    </ClCompile>
    <ClCompile Include="..\lib\tinyxml2\tinyxml2.cpp">
      <Filter>lib\tinyxml2</Filter>
    </ClCompile>
    <ClCompile Include="..\src\occlusion\kinect_v2.cc">
      <Filter>src</Filter>
    </ClCompile>
  </ItemGroup>
  <ItemGroup>
    <ClInclude Include="..\lib\glad\glad.h">
      <Filter>lib\glad</Filter>
    </ClInclude>
    <ClInclude Include="..\src\occlusion\engine.h">
      <Filter>src</Filter>
    </ClInclude>
    <ClInclude Include="..\src\occlusion\program.h">
      <Filter>src</Filter>
    </ClInclude>
    <ClInclude Include="..\src\occlusion\shader.h">
      <Filter>src</Filter>
    </ClInclude>
    <ClInclude Include="..\src\occlusion\texture.h">
      <Filter>src</Filter>
    </ClInclude>
    <ClInclude Include="..\lib\stb\stb_image.h">
      <Filter>lib\stb</Filter>
    </ClInclude>
    <ClInclude Include="..\src\occlusion\dataset.h">
      <Filter>src</Filter>
    </ClInclude>
    <ClInclude Include="..\src\occlusion\dataset_utkinect.h">
      <Filter>src</Filter>
    </ClInclude>
    <ClInclude Include="..\src\occlusion\robot_model.h">
      <Filter>src</Filter>
    </ClInclude>
    <ClInclude Include="..\src\occlusion\robot_model_loader.h">
      <Filter>src</Filter>
    </ClInclude>
    <ClInclude Include="..\src\occlusion\dataset_wnp.h">
      <Filter>src</Filter>
    </ClInclude>
    <ClInclude Include="..\lib\tinyxml2\tinyxml2.h">
      <Filter>lib\tinyxml2</Filter>
    </ClInclude>
    <ClInclude Include="..\src\occlusion\kinect_v2.h">
      <Filter>src</Filter>
    </ClInclude>
    <ClInclude Include="..\src\occlusion\types.h">
      <Filter>src</Filter>
    </ClInclude>
  </ItemGroup>
  <ItemGroup>
    <None Include="..\.gitignore">
      <Filter>git</Filter>
    </None>
    <None Include="..\src\shader\texture.frag">
      <Filter>shader</Filter>
    </None>
    <None Include="..\src\shader\texture.vert">
      <Filter>shader</Filter>
    </None>
    <None Include="..\src\shader\color.frag">
      <Filter>shader</Filter>
    </None>
    <None Include="..\src\shader\color.vert">
      <Filter>shader</Filter>
    </None>
    <None Include="..\README.md">
      <Filter>git</Filter>
    </None>
    <None Include="..\..\fetch_ros\fetch_description\robots\fetch.urdf">
      <Filter>robot</Filter>
    </None>
    <None Include="..\src\shader\depth.frag">
      <Filter>shader</Filter>
    </None>
    <None Include="..\src\shader\depth.vert">
      <Filter>shader</Filter>
    </None>
  </ItemGroup>
</Project>